
Microsoft Visual Studio Solution File, Format Version 12.00
# Visual Studio Version 17
VisualStudioVersion = 17.9.34728.123
MinimumVisualStudioVersion = 10.0.40219.1
Project("{9A19103F-16F7-4668-BE54-9A1E7A4F7556}") = "Syndiesis", "Syndiesis\Syndiesis.csproj", "{97900C08-AF50-4FA4-A8AE-933A82950563}"
EndProject
Project("{FAE04EC0-301F-11D3-BF4B-00C04F79EFBC}") = "Syndiesis.Tests", "Syndiesis.Tests\Syndiesis.Tests.csproj", "{E0776041-ED77-424F-A199-B5269261AFEF}"
EndProject
Global
	GlobalSection(SolutionConfigurationPlatforms) = preSolution
		Debug|Any CPU = Debug|Any CPU
		Release|Any CPU = Release|Any CPU
	EndGlobalSection
	GlobalSection(ProjectConfigurationPlatforms) = postSolution
		{97900C08-AF50-4FA4-A8AE-933A82950563}.Debug|Any CPU.ActiveCfg = Debug|Any CPU
		{97900C08-AF50-4FA4-A8AE-933A82950563}.Debug|Any CPU.Build.0 = Debug|Any CPU
		{97900C08-AF50-4FA4-A8AE-933A82950563}.Release|Any CPU.ActiveCfg = Release|Any CPU
		{97900C08-AF50-4FA4-A8AE-933A82950563}.Release|Any CPU.Build.0 = Release|Any CPU
		{E0776041-ED77-424F-A199-B5269261AFEF}.Debug|Any CPU.ActiveCfg = Debug|Any CPU
		{E0776041-ED77-424F-A199-B5269261AFEF}.Debug|Any CPU.Build.0 = Debug|Any CPU
		{E0776041-ED77-424F-A199-B5269261AFEF}.Release|Any CPU.ActiveCfg = Release|Any CPU
		{E0776041-ED77-424F-A199-B5269261AFEF}.Release|Any CPU.Build.0 = Release|Any CPU
	EndGlobalSection
	GlobalSection(SolutionProperties) = preSolution
		HideSolutionNode = FALSE
	EndGlobalSection
	GlobalSection(ExtensibilityGlobals) = postSolution
		SolutionGuid = {2D2F4ECC-455B-41A1-902F-B9DDC21E178A}
	EndGlobalSection
EndGlobal
